{
  "requires": true,
  "lockfileVersion": 1,
  "dependencies": {
    "react-native-iphone-x-helper": {
      "version": "1.3.1",
      "resolved": "https://registry.npmjs.org/react-native-iphone-x-helper/-/react-native-iphone-x-helper-1.3.1.tgz",
      "integrity": "sha512-HOf0jzRnq2/aFUcdCJ9w9JGzN3gdEg0zFE4FyYlp4jtidqU03D5X7ZegGKfT1EWteR0gPBGp9ye5T5FvSWi9Yg=="
    }
  }
}
